
Microsoft Visual Studio Solution File, Format Version 12.00
# Visual Studio Version 17
VisualStudioVersion = 17.7.34221.43
MinimumVisualStudioVersion = 10.0.40219.1
Project("{8BC9CEB8-8B4A-11D0-8D11-00A0C91BC942}") = "ConsoleApplication1", "ConsoleApplication1\ConsoleApplication1.vcxproj", "{931E87BB-3A4A-4CD4-9447-95BF6CD5B0C9}"
EndProject
Global
	GlobalSection(SolutionConfigurationPlatforms) = preSolution
		Debug|x64 = Debug|x64
		Debug|x86 = Debug|x86
		Release|x64 = Release|x64
		Release|x86 = Release|x86
	EndGlobalSection
	GlobalSection(ProjectConfigurationPlatforms) = postSolution
		{931E87BB-3A4A-4CD4-9447-95BF6CD5B0C9}.Debug|x64.ActiveCfg = Debug|x64
		{931E87BB-3A4A-4CD4-9447-95BF6CD5B0C9}.Debug|x64.Build.0 = Debug|x64
		{931E87BB-3A4A-4CD4-9447-95BF6CD5B0C9}.Debug|x86.ActiveCfg = Debug|Win32
		{931E87BB-3A4A-4CD4-9447-95BF6CD5B0C9}.Debug|x86.Build.0 = Debug|Win32
		{931E87BB-3A4A-4CD4-9447-95BF6CD5B0C9}.Release|x64.ActiveCfg = Release|x64
		{931E87BB-3A4A-4CD4-9447-95BF6CD5B0C9}.Release|x64.Build.0 = Release|x64
		{931E87BB-3A4A-4CD4-9447-95BF6CD5B0C9}.Release|x86.ActiveCfg = Release|Win32
		{931E87BB-3A4A-4CD4-9447-95BF6CD5B0C9}.Release|x86.Build.0 = Release|Win32
	EndGlobalSection
	GlobalSection(SolutionProperties) = preSolution
		HideSolutionNode = FALSE
	EndGlobalSection
	GlobalSection(ExtensibilityGlobals) = postSolution
		SolutionGuid = {48FFA4EA-EFAF-4F31-9CA4-E50260CB0D3B}
	EndGlobalSection
EndGlobal
